
Microsoft Visual Studio Solution File, Format Version 12.00
# Visual Studio 15
VisualStudioVersion = 15.0.27130.2010
MinimumVisualStudioVersion = 10.0.40219.1
Project("{FAE04EC0-301F-11D3-BF4B-00C04F79EFBC}") = "OneCart", "OneCart\OneCart.csproj", "{4F496956-80FA-4AD6-BFC1-E7027486E8AC}"
EndProject
Global
	GlobalSection(SolutionConfigurationPlatforms) = preSolution
		Debug|iPhone = Debug|iPhone
		Debug|iPhoneSimulator = Debug|iPhoneSimulator
		Release|iPhone = Release|iPhone
		Release|iPhoneSimulator = Release|iPhoneSimulator
	EndGlobalSection
	GlobalSection(ProjectConfigurationPlatforms) = postSolution
		{4F496956-80FA-4AD6-BFC1-E7027486E8AC}.Debug|iPhone.ActiveCfg = Debug|iPhone
		{4F496956-80FA-4AD6-BFC1-E7027486E8AC}.Debug|iPhone.Build.0 = Debug|iPhone
		{4F496956-80FA-4AD6-BFC1-E7027486E8AC}.Debug|iPhoneSimulator.ActiveCfg = Debug|iPhoneSimulator
		{4F496956-80FA-4AD6-BFC1-E7027486E8AC}.Debug|iPhoneSimulator.Build.0 = Debug|iPhoneSimulator
		{4F496956-80FA-4AD6-BFC1-E7027486E8AC}.Release|iPhone.ActiveCfg = Release|iPhone
		{4F496956-80FA-4AD6-BFC1-E7027486E8AC}.Release|iPhone.Build.0 = Release|iPhone
		{4F496956-80FA-4AD6-BFC1-E7027486E8AC}.Release|iPhoneSimulator.ActiveCfg = Release|iPhoneSimulator
		{4F496956-80FA-4AD6-BFC1-E7027486E8AC}.Release|iPhoneSimulator.Build.0 = Release|iPhoneSimulator
	EndGlobalSection
	GlobalSection(SolutionProperties) = preSolution
		HideSolutionNode = FALSE
	EndGlobalSection
	GlobalSection(ExtensibilityGlobals) = postSolution
		SolutionGuid = {33B7A0CD-F0BD-4D72-A54D-F4EB8DCE087E}
	EndGlobalSection
EndGlobal
